
Microsoft Visual Studio Solution File, Format Version 12.00
# Visual Studio 15
VisualStudioVersion = 15.0.26730.12
MinimumVisualStudioVersion = 10.0.40219.1
Project("{FAE04EC0-301F-11D3-BF4B-00C04F79EFBC}") = "PassStorage", "PassStorage\PassStorage.csproj", "{96C055CF-EE2C-470E-BECA-E157466D0FAA}"
EndProject
Global
	GlobalSection(SolutionConfigurationPlatforms) = preSolution
		Debug|x64 = Debug|x64
		Debug|x86 = Debug|x86
		Release|x64 = Release|x64
		Release|x86 = Release|x86
	EndGlobalSection
	GlobalSection(ProjectConfigurationPlatforms) = postSolution
		{96C055CF-EE2C-470E-BECA-E157466D0FAA}.Debug|x64.ActiveCfg = Debug|x64
		{96C055CF-EE2C-470E-BECA-E157466D0FAA}.Debug|x64.Build.0 = Debug|x64
		{96C055CF-EE2C-470E-BECA-E157466D0FAA}.Debug|x86.ActiveCfg = Debug|x86
		{96C055CF-EE2C-470E-BECA-E157466D0FAA}.Debug|x86.Build.0 = Debug|x86
		{96C055CF-EE2C-470E-BECA-E157466D0FAA}.Release|x64.ActiveCfg = Release|x64
		{96C055CF-EE2C-470E-BECA-E157466D0FAA}.Release|x64.Build.0 = Release|x64
		{96C055CF-EE2C-470E-BECA-E157466D0FAA}.Release|x86.ActiveCfg = Release|x86
		{96C055CF-EE2C-470E-BECA-E157466D0FAA}.Release|x86.Build.0 = Release|x86
	EndGlobalSection
	GlobalSection(SolutionProperties) = preSolution
		HideSolutionNode = FALSE
	EndGlobalSection
	GlobalSection(ExtensibilityGlobals) = postSolution
		SolutionGuid = {49162CDF-CD0C-445E-BD53-4C4EAC2CB468}
	EndGlobalSection
EndGlobal
