
Microsoft Visual Studio Solution File, Format Version 12.00
# Visual Studio 15
VisualStudioVersion = 15.0.26430.16
MinimumVisualStudioVersion = 10.0.40219.1
Project("{FAE04EC0-301F-11D3-BF4B-00C04F79EFBC}") = "PassStorage", "PassStorage\PassStorage.csproj", "{96C055CF-EE2C-470E-BECA-E157466D0FAA}"
EndProject
Project("{FAE04EC0-301F-11D3-BF4B-00C04F79EFBC}") = "PassStorageTest", "PassStorageTest\PassStorageTest.csproj", "{0AD57C4F-FBB0-4083-9997-5889A3AF5A08}"
EndProject
Project("{FAE04EC0-301F-11D3-BF4B-00C04F79EFBC}") = "PassStorage2", "PassStorage2\PassStorage2.csproj", "{5CBDD42B-F0CE-42A7-A47C-526791FFA720}"
EndProject
Project("{FAE04EC0-301F-11D3-BF4B-00C04F79EFBC}") = "PassStorage.Base", "PassStorage.Base\PassStorage.Base.csproj", "{3AE88B0F-EAAB-44B1-829C-0E6419FB2A1F}"
EndProject
Global
	GlobalSection(SolutionConfigurationPlatforms) = preSolution
		Debug|Any CPU = Debug|Any CPU
		Debug|x64 = Debug|x64
		Debug|x86 = Debug|x86
		Release|Any CPU = Release|Any CPU
		Release|x64 = Release|x64
		Release|x86 = Release|x86
	EndGlobalSection
	GlobalSection(ProjectConfigurationPlatforms) = postSolution
		{96C055CF-EE2C-470E-BECA-E157466D0FAA}.Debug|Any CPU.ActiveCfg = Debug|x86
		{96C055CF-EE2C-470E-BECA-E157466D0FAA}.Debug|x64.ActiveCfg = Debug|x64
		{96C055CF-EE2C-470E-BECA-E157466D0FAA}.Debug|x64.Build.0 = Debug|x64
		{96C055CF-EE2C-470E-BECA-E157466D0FAA}.Debug|x86.ActiveCfg = Debug|x86
		{96C055CF-EE2C-470E-BECA-E157466D0FAA}.Debug|x86.Build.0 = Debug|x86
		{96C055CF-EE2C-470E-BECA-E157466D0FAA}.Release|Any CPU.ActiveCfg = Release|x86
		{96C055CF-EE2C-470E-BECA-E157466D0FAA}.Release|x64.ActiveCfg = Release|x64
		{96C055CF-EE2C-470E-BECA-E157466D0FAA}.Release|x64.Build.0 = Release|x64
		{96C055CF-EE2C-470E-BECA-E157466D0FAA}.Release|x86.ActiveCfg = Release|x86
		{96C055CF-EE2C-470E-BECA-E157466D0FAA}.Release|x86.Build.0 = Release|x86
		{0AD57C4F-FBB0-4083-9997-5889A3AF5A08}.Debug|Any CPU.ActiveCfg = Debug|Any CPU
		{0AD57C4F-FBB0-4083-9997-5889A3AF5A08}.Debug|Any CPU.Build.0 = Debug|Any CPU
		{0AD57C4F-FBB0-4083-9997-5889A3AF5A08}.Debug|x64.ActiveCfg = Debug|x64
		{0AD57C4F-FBB0-4083-9997-5889A3AF5A08}.Debug|x64.Build.0 = Debug|x64
		{0AD57C4F-FBB0-4083-9997-5889A3AF5A08}.Debug|x86.ActiveCfg = Debug|x86
		{0AD57C4F-FBB0-4083-9997-5889A3AF5A08}.Debug|x86.Build.0 = Debug|x86
		{0AD57C4F-FBB0-4083-9997-5889A3AF5A08}.Release|Any CPU.ActiveCfg = Release|Any CPU
		{0AD57C4F-FBB0-4083-9997-5889A3AF5A08}.Release|Any CPU.Build.0 = Release|Any CPU
		{0AD57C4F-FBB0-4083-9997-5889A3AF5A08}.Release|x64.ActiveCfg = Release|x64
		{0AD57C4F-FBB0-4083-9997-5889A3AF5A08}.Release|x64.Build.0 = Release|x64
		{0AD57C4F-FBB0-4083-9997-5889A3AF5A08}.Release|x86.ActiveCfg = Release|x86
		{0AD57C4F-FBB0-4083-9997-5889A3AF5A08}.Release|x86.Build.0 = Release|x86
		{5CBDD42B-F0CE-42A7-A47C-526791FFA720}.Debug|Any CPU.ActiveCfg = Debug|Any CPU
		{5CBDD42B-F0CE-42A7-A47C-526791FFA720}.Debug|Any CPU.Build.0 = Debug|Any CPU
		{5CBDD42B-F0CE-42A7-A47C-526791FFA720}.Debug|x64.ActiveCfg = Debug|Any CPU
		{5CBDD42B-F0CE-42A7-A47C-526791FFA720}.Debug|x64.Build.0 = Debug|Any CPU
		{5CBDD42B-F0CE-42A7-A47C-526791FFA720}.Debug|x86.ActiveCfg = Debug|Any CPU
		{5CBDD42B-F0CE-42A7-A47C-526791FFA720}.Debug|x86.Build.0 = Debug|Any CPU
		{5CBDD42B-F0CE-42A7-A47C-526791FFA720}.Release|Any CPU.ActiveCfg = Release|Any CPU
		{5CBDD42B-F0CE-42A7-A47C-526791FFA720}.Release|Any CPU.Build.0 = Release|Any CPU
		{5CBDD42B-F0CE-42A7-A47C-526791FFA720}.Release|x64.ActiveCfg = Release|Any CPU
		{5CBDD42B-F0CE-42A7-A47C-526791FFA720}.Release|x64.Build.0 = Release|Any CPU
		{5CBDD42B-F0CE-42A7-A47C-526791FFA720}.Release|x86.ActiveCfg = Release|Any CPU
		{5CBDD42B-F0CE-42A7-A47C-526791FFA720}.Release|x86.Build.0 = Release|Any CPU
		{3AE88B0F-EAAB-44B1-829C-0E6419FB2A1F}.Debug|Any CPU.ActiveCfg = Debug|Any CPU
		{3AE88B0F-EAAB-44B1-829C-0E6419FB2A1F}.Debug|Any CPU.Build.0 = Debug|Any CPU
		{3AE88B0F-EAAB-44B1-829C-0E6419FB2A1F}.Debug|x64.ActiveCfg = Debug|Any CPU
		{3AE88B0F-EAAB-44B1-829C-0E6419FB2A1F}.Debug|x64.Build.0 = Debug|Any CPU
		{3AE88B0F-EAAB-44B1-829C-0E6419FB2A1F}.Debug|x86.ActiveCfg = Debug|Any CPU
		{3AE88B0F-EAAB-44B1-829C-0E6419FB2A1F}.Debug|x86.Build.0 = Debug|Any CPU
		{3AE88B0F-EAAB-44B1-829C-0E6419FB2A1F}.Release|Any CPU.ActiveCfg = Release|Any CPU
		{3AE88B0F-EAAB-44B1-829C-0E6419FB2A1F}.Release|Any CPU.Build.0 = Release|Any CPU
		{3AE88B0F-EAAB-44B1-829C-0E6419FB2A1F}.Release|x64.ActiveCfg = Release|Any CPU
		{3AE88B0F-EAAB-44B1-829C-0E6419FB2A1F}.Release|x64.Build.0 = Release|Any CPU
		{3AE88B0F-EAAB-44B1-829C-0E6419FB2A1F}.Release|x86.ActiveCfg = Release|Any CPU
		{3AE88B0F-EAAB-44B1-829C-0E6419FB2A1F}.Release|x86.Build.0 = Release|Any CPU
	EndGlobalSection
	GlobalSection(SolutionProperties) = preSolution
		HideSolutionNode = FALSE
	EndGlobalSection
EndGlobal
